
Microsoft Visual Studio Solution File, Format Version 12.00
# Visual Studio Version 16
VisualStudioVersion = 16.0.29306.81
MinimumVisualStudioVersion = 10.0.40219.1
Project("{FAE04EC0-301F-11D3-BF4B-00C04F79EFBC}") = "Calculo de PI", "Calculo de PI.csproj", "{07AFCF1E-781D-4FB6-B60E-36AFF4A912AE}"
EndProject
Global
	GlobalSection(SolutionConfigurationPlatforms) = preSolution
		Debug|Any CPU = Debug|Any CPU
		Release|Any CPU = Release|Any CPU
	EndGlobalSection
	GlobalSection(ProjectConfigurationPlatforms) = postSolution
		{07AFCF1E-781D-4FB6-B60E-36AFF4A912AE}.Debug|Any CPU.ActiveCfg = Debug|Any CPU
		{07AFCF1E-781D-4FB6-B60E-36AFF4A912AE}.Debug|Any CPU.Build.0 = Debug|Any CPU
		{07AFCF1E-781D-4FB6-B60E-36AFF4A912AE}.Release|Any CPU.ActiveCfg = Release|Any CPU
		{07AFCF1E-781D-4FB6-B60E-36AFF4A912AE}.Release|Any CPU.Build.0 = Release|Any CPU
	EndGlobalSection
	GlobalSection(SolutionProperties) = preSolution
		HideSolutionNode = FALSE
	EndGlobalSection
	GlobalSection(ExtensibilityGlobals) = postSolution
		SolutionGuid = {880DFF48-5C58-4D3B-97DC-40B2E153D940}
	EndGlobalSection
EndGlobal
